# This file is automatically @generated by Cargo.
# It is not intended for manual editing.
version = 4

[[package]]
name = "terminal-commander-cli"
version = "0.0.0"
dependencies = [
 "terminal-commander-core",
]

[[package]]
name = "terminal-commander-core"
version = "0.0.0"

[[package]]
name = "terminal-commander-mcp"
version = "0.0.0"
dependencies = [
 "terminal-commander-core",
]

[[package]]
name = "terminal-commander-probes"
version = "0.0.0"
dependencies = [
 "terminal-commander-core",
]

[[package]]
name = "terminal-commander-sifters"
version = "0.0.0"
dependencies = [
 "terminal-commander-core",
]

[[package]]
name = "terminal-commander-store"
version = "0.0.0"
dependencies = [
 "terminal-commander-core",
]

[[package]]
name = "terminal-commanderd"
version = "0.0.0"
dependencies = [
 "terminal-commander-core",
 "terminal-commander-probes",
 "terminal-commander-sifters",
 "terminal-commander-store",
]
