{
  "name": "terminal-commander",
  "version": "0.1.40",
  "lockfileVersion": 3,
  "requires": true,
  "packages": {
    "": {
      "name": "terminal-commander",
      "version": "0.1.40",
      "hasInstallScript": true,
      "license": "Apache-2.0",
      "os": [
        "linux",
        "win32"
      ],
      "dependencies": {
        "@terminal-commander/windows-x64": "file:../terminal-commander-windows-x64"
      },
      "bin": {
        "terminal-commander": "bin/terminal-commander.js",
        "terminal-commander-mcp": "bin/terminal-commander-mcp.js",
        "terminal-commanderd": "bin/terminal-commanderd.js"
      },
      "engines": {
        "node": ">=18",
        "npm": ">=8"
      },
      "optionalDependencies": {
        "@terminal-commander/linux-arm64": "0.1.4",
        "@terminal-commander/linux-x64": "0.1.4",
        "@terminal-commander/windows-x64": "file:../terminal-commander-windows-x64"
      }
    },
    "../terminal-commander-windows-x64": {
      "name": "@terminal-commander/windows-x64",
      "version": "0.1.4",
      "cpu": [
        "x64"
      ],
      "license": "Apache-2.0",
      "optional": true,
      "os": [
        "win32"
      ],
      "engines": {
        "node": ">=18"
      }
    },
    "node_modules/@terminal-commander/linux-arm64": {
      "version": "0.1.4",
      "resolved": "https://registry.npmjs.org/@terminal-commander/linux-arm64/-/linux-arm64-0.1.4.tgz",
      "integrity": "sha512-AAsvFQ46wcSVEmf+ABPL/15ddn7IJwrJX8o2yygoqXtW+lfSooOWo9riXfrDFsjOAPol8USZfVZV7XncGLuGjg==",
      "cpu": [
        "arm64"
      ],
      "license": "Apache-2.0",
      "optional": true,
      "os": [
        "linux"
      ],
      "engines": {
        "node": ">=18"
      }
    },
    "node_modules/@terminal-commander/linux-x64": {
      "version": "0.1.4",
      "resolved": "https://registry.npmjs.org/@terminal-commander/linux-x64/-/linux-x64-0.1.4.tgz",
      "integrity": "sha512-vwZ86csveoaPvJRGGIFzrJiTf/zV9FHI10gUxo+Y2PL199vwOU2XB0UzPzHaAS53avVed83neU3WjAWYoaBnHA==",
      "cpu": [
        "x64"
      ],
      "license": "Apache-2.0",
      "optional": true,
      "os": [
        "linux"
      ],
      "engines": {
        "node": ">=18"
      }
    },
    "node_modules/@terminal-commander/windows-x64": {
      "resolved": "../terminal-commander-windows-x64",
      "link": true
    }
  }
}
